// !$*UTF8*$!
{
	archiveVersion = 1;
	classes = {
	};
	objectVersion = 50;
	objects = {

/* Begin PBXBuildFile section */
		01E24B195936E91CDC8B35FF /* Pods_RickyBooksTests.framework in Frameworks */ = {isa = PBXBuildFile; fileRef = 4CB87DE5DEAF140C9637E167 /* Pods_RickyBooksTests.framework */; };
		2641189D67CE9BA9A430FE75 /* Pods_RickyBooks.framework in Frameworks */ = {isa = PBXBuildFile; fileRef = 20770938B1613A4CF483F1B4 /* Pods_RickyBooks.framework */; };
		AD9EC3811800181104EC7E67 /* Pods_RickyBooksUITests.framework in Frameworks */ = {isa = PBXBuildFile; fileRef = C9D3910B7EABDA851566C1DC /* Pods_RickyBooksUITests.framework */; };
		FA085CBF21140369005C8DE9 /* SellViewController.swift in Sources */ = {isa = PBXBuildFile; fileRef = FA085CBE21140369005C8DE9 /* SellViewController.swift */; };
		FA085CC1211411FB005C8DE9 /* ProfileViewController.swift in Sources */ = {isa = PBXBuildFile; fileRef = FA085CC0211411FB005C8DE9 /* ProfileViewController.swift */; };
		FA3FC2302127AE2100366B35 /* DetailsViewController.swift in Sources */ = {isa = PBXBuildFile; fileRef = FA3FC22F2127AE2100366B35 /* DetailsViewController.swift */; };
		FA44930A2135F5B100C8FEB5 /* GetSignedPutUrl.swift in Sources */ = {isa = PBXBuildFile; fileRef = FA4493092135F5B100C8FEB5 /* GetSignedPutUrl.swift */; };
		FA44930C213601CE00C8FEB5 /* GetBaseUrl.swift in Sources */ = {isa = PBXBuildFile; fileRef = FA44930B213601CE00C8FEB5 /* GetBaseUrl.swift */; };
		FA44930E2136245400C8FEB5 /* PutImageAws.swift in Sources */ = {isa = PBXBuildFile; fileRef = FA44930D2136245400C8FEB5 /* PutImageAws.swift */; };
		FA4A2C9421162AC5003E7F5F /* BuyViewController.swift in Sources */ = {isa = PBXBuildFile; fileRef = FA4A2C9321162AC5003E7F5F /* BuyViewController.swift */; };
		FA5DF978213656B800FA6E3C /* TextbookCellNib.xib in Resources */ = {isa = PBXBuildFile; fileRef = FA5DF977213656B800FA6E3C /* TextbookCellNib.xib */; };
		FA5DF97A21365E7E00FA6E3C /* TextbookCell.swift in Sources */ = {isa = PBXBuildFile; fileRef = FA5DF97921365E7E00FA6E3C /* TextbookCell.swift */; };
		FA5DF97D2136764A00FA6E3C /* GetUserTextbooks.swift in Sources */ = {isa = PBXBuildFile; fileRef = FA5DF97C2136764A00FA6E3C /* GetUserTextbooks.swift */; };
		FA7005C1211DF46400513E7F /* TabBarController.swift in Sources */ = {isa = PBXBuildFile; fileRef = FA7005C0211DF46400513E7F /* TabBarController.swift */; };
		FA8E10DA21139B7D00E12D2D /* MessagesViewController.swift in Sources */ = {isa = PBXBuildFile; fileRef = FA8E10D921139B7D00E12D2D /* MessagesViewController.swift */; };
		FA9CA304211276E200AED111 /* AppDelegate.swift in Sources */ = {isa = PBXBuildFile; fileRef = FA9CA303211276E200AED111 /* AppDelegate.swift */; };
		FA9CA306211276E200AED111 /* HomeViewController.swift in Sources */ = {isa = PBXBuildFile; fileRef = FA9CA305211276E200AED111 /* HomeViewController.swift */; };
		FA9CA30B211276E200AED111 /* Main.storyboard in Resources */ = {isa = PBXBuildFile; fileRef = FA9CA309211276E200AED111 /* Main.storyboard */; };
		FA9CA30D211276E300AED111 /* Assets.xcassets in Resources */ = {isa = PBXBuildFile; fileRef = FA9CA30C211276E300AED111 /* Assets.xcassets */; };
		FA9CA310211276E300AED111 /* LaunchScreen.storyboard in Resources */ = {isa = PBXBuildFile; fileRef = FA9CA30E211276E300AED111 /* LaunchScreen.storyboard */; };
		FA9CA31B211276E300AED111 /* RickyBooksTests.swift in Sources */ = {isa = PBXBuildFile; fileRef = FA9CA31A211276E300AED111 /* RickyBooksTests.swift */; };
		FA9CA326211276E300AED111 /* RickyBooksUITests.swift in Sources */ = {isa = PBXBuildFile; fileRef = FA9CA325211276E300AED111 /* RickyBooksUITests.swift */; };
		FAE41C0E21196AD40001B6B3 /* AuthorizeViewController.swift in Sources */ = {isa = PBXBuildFile; fileRef = FAE41C0D21196AD40001B6B3 /* AuthorizeViewController.swift */; };
		FAFD3F3421346E0A0001F9EA /* GetTextbooks.swift in Sources */ = {isa = PBXBuildFile; fileRef = FAFD3F3321346E0A0001F9EA /* GetTextbooks.swift */; };
		FAFD3F36213489920001F9EA /* Login.swift in Sources */ = {isa = PBXBuildFile; fileRef = FAFD3F35213489920001F9EA /* Login.swift */; };
		FAFD3F3B21349CFA0001F9EA /* UserData.swift in Sources */ = {isa = PBXBuildFile; fileRef = FAFD3F3A21349CFA0001F9EA /* UserData.swift */; };
		FAFD3F3E2134A06C0001F9EA /* SuccessfulAuthorization.swift in Sources */ = {isa = PBXBuildFile; fileRef = FAFD3F3D2134A06C0001F9EA /* SuccessfulAuthorization.swift */; };
		FAFD3F402134C1A70001F9EA /* Textbook.swift in Sources */ = {isa = PBXBuildFile; fileRef = FAFD3F3F2134C1A70001F9EA /* Textbook.swift */; };
		FAFD3F422134C29B0001F9EA /* User.swift in Sources */ = {isa = PBXBuildFile; fileRef = FAFD3F412134C29B0001F9EA /* User.swift */; };
		FAFD3F442134C2EB0001F9EA /* Image.swift in Sources */ = {isa = PBXBuildFile; fileRef = FAFD3F432134C2EB0001F9EA /* Image.swift */; };
		FAFD3F462134C43B0001F9EA /* Register.swift in Sources */ = {isa = PBXBuildFile; fileRef = FAFD3F452134C43B0001F9EA /* Register.swift */; };
		FAFD3F482134C8C40001F9EA /* RegisterErrors.swift in Sources */ = {isa = PBXBuildFile; fileRef = FAFD3F472134C8C40001F9EA /* RegisterErrors.swift */; };
		FAFD3F4A2134CD190001F9EA /* CreateAlert.swift in Sources */ = {isa = PBXBuildFile; fileRef = FAFD3F492134CD190001F9EA /* CreateAlert.swift */; };
		FAFD3F4C213500F40001F9EA /* PostTextbook.swift in Sources */ = {isa = PBXBuildFile; fileRef = FAFD3F4B213500F40001F9EA /* PostTextbook.swift */; };
		FAFD3F4E213507350001F9EA /* PostTextbookErrors.swift in Sources */ = {isa = PBXBuildFile; fileRef = FAFD3F4D213507350001F9EA /* PostTextbookErrors.swift */; };
		FAFD3F50213507760001F9EA /* PostTextbookErrorsData.swift in Sources */ = {isa = PBXBuildFile; fileRef = FAFD3F4F213507760001F9EA /* PostTextbookErrorsData.swift */; };
/* End PBXBuildFile section */

/* Begin PBXContainerItemProxy section */
		FA9CA317211276E300AED111 /* PBXContainerItemProxy */ = {
			isa = PBXContainerItemProxy;
			containerPortal = FA9CA2F8211276E200AED111 /* Project object */;
			proxyType = 1;
			remoteGlobalIDString = FA9CA2FF211276E200AED111;
			remoteInfo = RickyBooks;
		};
		FA9CA322211276E300AED111 /* PBXContainerItemProxy */ = {
			isa = PBXContainerItemProxy;
			containerPortal = FA9CA2F8211276E200AED111 /* Project object */;
			proxyType = 1;
			remoteGlobalIDString = FA9CA2FF211276E200AED111;
			remoteInfo = RickyBooks;
		};
/* End PBXContainerItemProxy section */

/* Begin PBXFileReference section */
		08389ABB8311C7F0A2A76855 /* Pods-RickyBooks.release.xcconfig */ = {isa = PBXFileReference; includeInIndex = 1; lastKnownFileType = text.xcconfig; name = "Pods-RickyBooks.release.xcconfig"; path = "Pods/Target Support Files/Pods-RickyBooks/Pods-RickyBooks.release.xcconfig"; sourceTree = "<group>"; };
		20770938B1613A4CF483F1B4 /* Pods_RickyBooks.framework */ = {isa = PBXFileReference; explicitFileType = wrapper.framework; includeInIndex = 0; path = Pods_RickyBooks.framework; sourceTree = BUILT_PRODUCTS_DIR; };
		4CB87DE5DEAF140C9637E167 /* Pods_RickyBooksTests.framework */ = {isa = PBXFileReference; explicitFileType = wrapper.framework; includeInIndex = 0; path = Pods_RickyBooksTests.framework; sourceTree = BUILT_PRODUCTS_DIR; };
		550E1570F00F4E857556BF47 /* Pods-RickyBooksUITests.release.xcconfig */ = {isa = PBXFileReference; includeInIndex = 1; lastKnownFileType = text.xcconfig; name = "Pods-RickyBooksUITests.release.xcconfig"; path = "Pods/Target Support Files/Pods-RickyBooksUITests/Pods-RickyBooksUITests.release.xcconfig"; sourceTree = "<group>"; };
		9868A80D74A5F3ED511181ED /* Pods-RickyBooks.debug.xcconfig */ = {isa = PBXFileReference; includeInIndex = 1; lastKnownFileType = text.xcconfig; name = "Pods-RickyBooks.debug.xcconfig"; path = "Pods/Target Support Files/Pods-RickyBooks/Pods-RickyBooks.debug.xcconfig"; sourceTree = "<group>"; };
		9D955DBBFE92142296D6BC9D /* Pods-RickyBooksUITests.debug.xcconfig */ = {isa = PBXFileReference; includeInIndex = 1; lastKnownFileType = text.xcconfig; name = "Pods-RickyBooksUITests.debug.xcconfig"; path = "Pods/Target Support Files/Pods-RickyBooksUITests/Pods-RickyBooksUITests.debug.xcconfig"; sourceTree = "<group>"; };
		A991E9B12586B16707D21E56 /* Pods-RickyBooksTests.release.xcconfig */ = {isa = PBXFileReference; includeInIndex = 1; lastKnownFileType = text.xcconfig; name = "Pods-RickyBooksTests.release.xcconfig"; path = "Pods/Target Support Files/Pods-RickyBooksTests/Pods-RickyBooksTests.release.xcconfig"; sourceTree = "<group>"; };
		C9D3910B7EABDA851566C1DC /* Pods_RickyBooksUITests.framework */ = {isa = PBXFileReference; explicitFileType = wrapper.framework; includeInIndex = 0; path = Pods_RickyBooksUITests.framework; sourceTree = BUILT_PRODUCTS_DIR; };
		F0C66DD2B30BBD0389108AA8 /* Pods-RickyBooksTests.debug.xcconfig */ = {isa = PBXFileReference; includeInIndex = 1; lastKnownFileType = text.xcconfig; name = "Pods-RickyBooksTests.debug.xcconfig"; path = "Pods/Target Support Files/Pods-RickyBooksTests/Pods-RickyBooksTests.debug.xcconfig"; sourceTree = "<group>"; };
		FA085CBE21140369005C8DE9 /* SellViewController.swift */ = {isa = PBXFileReference; lastKnownFileType = sourcecode.swift; path = SellViewController.swift; sourceTree = "<group>"; };
		FA085CC0211411FB005C8DE9 /* ProfileViewController.swift */ = {isa = PBXFileReference; lastKnownFileType = sourcecode.swift; path = ProfileViewController.swift; sourceTree = "<group>"; };
		FA3FC22F2127AE2100366B35 /* DetailsViewController.swift */ = {isa = PBXFileReference; lastKnownFileType = sourcecode.swift; path = DetailsViewController.swift; sourceTree = "<group>"; };
		FA4493092135F5B100C8FEB5 /* GetSignedPutUrl.swift */ = {isa = PBXFileReference; lastKnownFileType = sourcecode.swift; path = GetSignedPutUrl.swift; sourceTree = "<group>"; };
		FA44930B213601CE00C8FEB5 /* GetBaseUrl.swift */ = {isa = PBXFileReference; lastKnownFileType = sourcecode.swift; path = GetBaseUrl.swift; sourceTree = "<group>"; };
		FA44930D2136245400C8FEB5 /* PutImageAws.swift */ = {isa = PBXFileReference; lastKnownFileType = sourcecode.swift; path = PutImageAws.swift; sourceTree = "<group>"; };
		FA4A2C9321162AC5003E7F5F /* BuyViewController.swift */ = {isa = PBXFileReference; lastKnownFileType = sourcecode.swift; path = BuyViewController.swift; sourceTree = "<group>"; };
		FA5DF977213656B800FA6E3C /* TextbookCellNib.xib */ = {isa = PBXFileReference; lastKnownFileType = file.xib; path = TextbookCellNib.xib; sourceTree = "<group>"; };
		FA5DF97921365E7E00FA6E3C /* TextbookCell.swift */ = {isa = PBXFileReference; lastKnownFileType = sourcecode.swift; path = TextbookCell.swift; sourceTree = "<group>"; };
		FA5DF97C2136764A00FA6E3C /* GetUserTextbooks.swift */ = {isa = PBXFileReference; lastKnownFileType = sourcecode.swift; path = GetUserTextbooks.swift; sourceTree = "<group>"; };
		FA7005C0211DF46400513E7F /* TabBarController.swift */ = {isa = PBXFileReference; lastKnownFileType = sourcecode.swift; path = TabBarController.swift; sourceTree = "<group>"; };
		FA8E10D921139B7D00E12D2D /* MessagesViewController.swift */ = {isa = PBXFileReference; lastKnownFileType = sourcecode.swift; path = MessagesViewController.swift; sourceTree = "<group>"; };
		FA9CA300211276E200AED111 /* RickyBooks.app */ = {isa = PBXFileReference; explicitFileType = wrapper.application; includeInIndex = 0; path = RickyBooks.app; sourceTree = BUILT_PRODUCTS_DIR; };
		FA9CA303211276E200AED111 /* AppDelegate.swift */ = {isa = PBXFileReference; lastKnownFileType = sourcecode.swift; path = AppDelegate.swift; sourceTree = "<group>"; };
		FA9CA305211276E200AED111 /* HomeViewController.swift */ = {isa = PBXFileReference; lastKnownFileType = sourcecode.swift; path = HomeViewController.swift; sourceTree = "<group>"; };
		FA9CA30A211276E200AED111 /* Base */ = {isa = PBXFileReference; lastKnownFileType = file.storyboard; name = Base; path = Base.lproj/Main.storyboard; sourceTree = "<group>"; };
		FA9CA30C211276E300AED111 /* Assets.xcassets */ = {isa = PBXFileReference; lastKnownFileType = folder.assetcatalog; path = Assets.xcassets; sourceTree = "<group>"; };
		FA9CA30F211276E300AED111 /* Base */ = {isa = PBXFileReference; lastKnownFileType = file.storyboard; name = Base; path = Base.lproj/LaunchScreen.storyboard; sourceTree = "<group>"; };
		FA9CA311211276E300AED111 /* Info.plist */ = {isa = PBXFileReference; lastKnownFileType = text.plist.xml; path = Info.plist; sourceTree = "<group>"; };
		FA9CA316211276E300AED111 /* RickyBooksTests.xctest */ = {isa = PBXFileReference; explicitFileType = wrapper.cfbundle; includeInIndex = 0; path = RickyBooksTests.xctest; sourceTree = BUILT_PRODUCTS_DIR; };
		FA9CA31A211276E300AED111 /* RickyBooksTests.swift */ = {isa = PBXFileReference; lastKnownFileType = sourcecode.swift; path = RickyBooksTests.swift; sourceTree = "<group>"; };
		FA9CA31C211276E300AED111 /* Info.plist */ = {isa = PBXFileReference; lastKnownFileType = text.plist.xml; path = Info.plist; sourceTree = "<group>"; };
		FA9CA321211276E300AED111 /* RickyBooksUITests.xctest */ = {isa = PBXFileReference; explicitFileType = wrapper.cfbundle; includeInIndex = 0; path = RickyBooksUITests.xctest; sourceTree = BUILT_PRODUCTS_DIR; };
		FA9CA325211276E300AED111 /* RickyBooksUITests.swift */ = {isa = PBXFileReference; lastKnownFileType = sourcecode.swift; path = RickyBooksUITests.swift; sourceTree = "<group>"; };
		FA9CA327211276E300AED111 /* Info.plist */ = {isa = PBXFileReference; lastKnownFileType = text.plist.xml; path = Info.plist; sourceTree = "<group>"; };
		FAE41C0D21196AD40001B6B3 /* AuthorizeViewController.swift */ = {isa = PBXFileReference; lastKnownFileType = sourcecode.swift; path = AuthorizeViewController.swift; sourceTree = "<group>"; };
		FAFD3F3321346E0A0001F9EA /* GetTextbooks.swift */ = {isa = PBXFileReference; lastKnownFileType = sourcecode.swift; path = GetTextbooks.swift; sourceTree = "<group>"; };
		FAFD3F35213489920001F9EA /* Login.swift */ = {isa = PBXFileReference; lastKnownFileType = sourcecode.swift; path = Login.swift; sourceTree = "<group>"; };
		FAFD3F3A21349CFA0001F9EA /* UserData.swift */ = {isa = PBXFileReference; lastKnownFileType = sourcecode.swift; path = UserData.swift; sourceTree = "<group>"; };
		FAFD3F3D2134A06C0001F9EA /* SuccessfulAuthorization.swift */ = {isa = PBXFileReference; lastKnownFileType = sourcecode.swift; path = SuccessfulAuthorization.swift; sourceTree = "<group>"; };
		FAFD3F3F2134C1A70001F9EA /* Textbook.swift */ = {isa = PBXFileReference; lastKnownFileType = sourcecode.swift; path = Textbook.swift; sourceTree = "<group>"; };
		FAFD3F412134C29B0001F9EA /* User.swift */ = {isa = PBXFileReference; lastKnownFileType = sourcecode.swift; path = User.swift; sourceTree = "<group>"; };
		FAFD3F432134C2EB0001F9EA /* Image.swift */ = {isa = PBXFileReference; lastKnownFileType = sourcecode.swift; path = Image.swift; sourceTree = "<group>"; };
		FAFD3F452134C43B0001F9EA /* Register.swift */ = {isa = PBXFileReference; lastKnownFileType = sourcecode.swift; path = Register.swift; sourceTree = "<group>"; };
		FAFD3F472134C8C40001F9EA /* RegisterErrors.swift */ = {isa = PBXFileReference; lastKnownFileType = sourcecode.swift; path = RegisterErrors.swift; sourceTree = "<group>"; };
		FAFD3F492134CD190001F9EA /* CreateAlert.swift */ = {isa = PBXFileReference; lastKnownFileType = sourcecode.swift; path = CreateAlert.swift; sourceTree = "<group>"; };
		FAFD3F4B213500F40001F9EA /* PostTextbook.swift */ = {isa = PBXFileReference; lastKnownFileType = sourcecode.swift; path = PostTextbook.swift; sourceTree = "<group>"; };
		FAFD3F4D213507350001F9EA /* PostTextbookErrors.swift */ = {isa = PBXFileReference; lastKnownFileType = sourcecode.swift; path = PostTextbookErrors.swift; sourceTree = "<group>"; };
		FAFD3F4F213507760001F9EA /* PostTextbookErrorsData.swift */ = {isa = PBXFileReference; lastKnownFileType = sourcecode.swift; path = PostTextbookErrorsData.swift; sourceTree = "<group>"; };
/* End PBXFileReference section */

/* Begin PBXFrameworksBuildPhase section */
		FA9CA2FD211276E200AED111 /* Frameworks */ = {
			isa = PBXFrameworksBuildPhase;
			buildActionMask = 2147483647;
			files = (
				2641189D67CE9BA9A430FE75 /* Pods_RickyBooks.framework in Frameworks */,
			);
			runOnlyForDeploymentPostprocessing = 0;
		};
		FA9CA313211276E300AED111 /* Frameworks */ = {
			isa = PBXFrameworksBuildPhase;
			buildActionMask = 2147483647;
			files = (
				01E24B195936E91CDC8B35FF /* Pods_RickyBooksTests.framework in Frameworks */,
			);
			runOnlyForDeploymentPostprocessing = 0;
		};
		FA9CA31E211276E300AED111 /* Frameworks */ = {
			isa = PBXFrameworksBuildPhase;
			buildActionMask = 2147483647;
			files = (
				AD9EC3811800181104EC7E67 /* Pods_RickyBooksUITests.framework in Frameworks */,
			);
			runOnlyForDeploymentPostprocessing = 0;
		};
/* End PBXFrameworksBuildPhase section */

/* Begin PBXGroup section */
		6AD9081F7E323D3DFC85364A /* Frameworks */ = {
			isa = PBXGroup;
			children = (
				20770938B1613A4CF483F1B4 /* Pods_RickyBooks.framework */,
				4CB87DE5DEAF140C9637E167 /* Pods_RickyBooksTests.framework */,
				C9D3910B7EABDA851566C1DC /* Pods_RickyBooksUITests.framework */,
			);
			name = Frameworks;
			sourceTree = "<group>";
		};
		761D7537BB2AA1A8EFD0F3D9 /* Pods */ = {
			isa = PBXGroup;
			children = (
				9868A80D74A5F3ED511181ED /* Pods-RickyBooks.debug.xcconfig */,
				08389ABB8311C7F0A2A76855 /* Pods-RickyBooks.release.xcconfig */,
				F0C66DD2B30BBD0389108AA8 /* Pods-RickyBooksTests.debug.xcconfig */,
				A991E9B12586B16707D21E56 /* Pods-RickyBooksTests.release.xcconfig */,
				9D955DBBFE92142296D6BC9D /* Pods-RickyBooksUITests.debug.xcconfig */,
				550E1570F00F4E857556BF47 /* Pods-RickyBooksUITests.release.xcconfig */,
			);
			name = Pods;
			sourceTree = "<group>";
		};
		FA585DD821371AF2009BBC9E /* ViewControllers */ = {
			isa = PBXGroup;
			children = (
			);
			path = ViewControllers;
			sourceTree = "<group>";
		};
		FA5DF97B21365FB600FA6E3C /* Cells */ = {
			isa = PBXGroup;
			children = (
				FA5DF97921365E7E00FA6E3C /* TextbookCell.swift */,
				FA5DF977213656B800FA6E3C /* TextbookCellNib.xib */,
			);
			path = Cells;
			sourceTree = "<group>";
		};
		FA9CA2F7211276E200AED111 = {
			isa = PBXGroup;
			children = (
				FA9CA302211276E200AED111 /* RickyBooks */,
				FA9CA319211276E300AED111 /* RickyBooksTests */,
				FA9CA324211276E300AED111 /* RickyBooksUITests */,
				FA9CA301211276E200AED111 /* Products */,
				761D7537BB2AA1A8EFD0F3D9 /* Pods */,
				6AD9081F7E323D3DFC85364A /* Frameworks */,
			);
			sourceTree = "<group>";
		};
		FA9CA301211276E200AED111 /* Products */ = {
			isa = PBXGroup;
			children = (
				FA9CA300211276E200AED111 /* RickyBooks.app */,
				FA9CA316211276E300AED111 /* RickyBooksTests.xctest */,
				FA9CA321211276E300AED111 /* RickyBooksUITests.xctest */,
			);
			name = Products;
			sourceTree = "<group>";
		};
		FA9CA302211276E200AED111 /* RickyBooks */ = {
			isa = PBXGroup;
			children = (
				FA5DF97B21365FB600FA6E3C /* Cells */,
				FAFD3F3C21349FFC0001F9EA /* Functions */,
				FAFD3F3721349C640001F9EA /* Decodables */,
				FAFD3F3221346D9E0001F9EA /* Services */,
				FA585DD821371AF2009BBC9E /* ViewControllers */,
				FA9CA303211276E200AED111 /* AppDelegate.swift */,
				FA7005C0211DF46400513E7F /* TabBarController.swift */,
				FA9CA305211276E200AED111 /* HomeViewController.swift */,
				FA4A2C9321162AC5003E7F5F /* BuyViewController.swift */,
				FA3FC22F2127AE2100366B35 /* DetailsViewController.swift */,
				FA8E10D921139B7D00E12D2D /* MessagesViewController.swift */,
				FA085CBE21140369005C8DE9 /* SellViewController.swift */,
				FA085CC0211411FB005C8DE9 /* ProfileViewController.swift */,
				FAE41C0D21196AD40001B6B3 /* AuthorizeViewController.swift */,
				FA9CA309211276E200AED111 /* Main.storyboard */,
				FA9CA30C211276E300AED111 /* Assets.xcassets */,
				FA9CA30E211276E300AED111 /* LaunchScreen.storyboard */,
				FA9CA311211276E300AED111 /* Info.plist */,
			);
			path = RickyBooks;
			sourceTree = "<group>";
		};
		FA9CA319211276E300AED111 /* RickyBooksTests */ = {
			isa = PBXGroup;
			children = (
				FA9CA31A211276E300AED111 /* RickyBooksTests.swift */,
				FA9CA31C211276E300AED111 /* Info.plist */,
			);
			path = RickyBooksTests;
			sourceTree = "<group>";
		};
		FA9CA324211276E300AED111 /* RickyBooksUITests */ = {
			isa = PBXGroup;
			children = (
				FA9CA325211276E300AED111 /* RickyBooksUITests.swift */,
				FA9CA327211276E300AED111 /* Info.plist */,
			);
			path = RickyBooksUITests;
			sourceTree = "<group>";
		};
		FAFD3F3221346D9E0001F9EA /* Services */ = {
			isa = PBXGroup;
			children = (
				FAFD3F3321346E0A0001F9EA /* GetTextbooks.swift */,
				FA5DF97C2136764A00FA6E3C /* GetUserTextbooks.swift */,
				FAFD3F35213489920001F9EA /* Login.swift */,
				FAFD3F452134C43B0001F9EA /* Register.swift */,
				FAFD3F4B213500F40001F9EA /* PostTextbook.swift */,
				FA4493092135F5B100C8FEB5 /* GetSignedPutUrl.swift */,
				FA44930D2136245400C8FEB5 /* PutImageAws.swift */,
			);
			path = Services;
			sourceTree = "<group>";
		};
		FAFD3F3721349C640001F9EA /* Decodables */ = {
			isa = PBXGroup;
			children = (
				FAFD3F3A21349CFA0001F9EA /* UserData.swift */,
				FAFD3F3F2134C1A70001F9EA /* Textbook.swift */,
				FAFD3F412134C29B0001F9EA /* User.swift */,
				FAFD3F432134C2EB0001F9EA /* Image.swift */,
				FAFD3F472134C8C40001F9EA /* RegisterErrors.swift */,
				FAFD3F4D213507350001F9EA /* PostTextbookErrors.swift */,
				FAFD3F4F213507760001F9EA /* PostTextbookErrorsData.swift */,
			);
			path = Decodables;
			sourceTree = "<group>";
		};
		FAFD3F3C21349FFC0001F9EA /* Functions */ = {
			isa = PBXGroup;
			children = (
				FAFD3F3D2134A06C0001F9EA /* SuccessfulAuthorization.swift */,
				FAFD3F492134CD190001F9EA /* CreateAlert.swift */,
				FA44930B213601CE00C8FEB5 /* GetBaseUrl.swift */,
			);
			path = Functions;
			sourceTree = "<group>";
		};
/* End PBXGroup section */

/* Begin PBXNativeTarget section */
		FA9CA2FF211276E200AED111 /* RickyBooks */ = {
			isa = PBXNativeTarget;
			buildConfigurationList = FA9CA32A211276E300AED111 /* Build configuration list for PBXNativeTarget "RickyBooks" */;
			buildPhases = (
				C8CCC6EEFE0C1169E722683E /* [CP] Check Pods Manifest.lock */,
				FA9CA2FC211276E200AED111 /* Sources */,
				FA9CA2FD211276E200AED111 /* Frameworks */,
				FA9CA2FE211276E200AED111 /* Resources */,
				15F314AE39B2C1DD6E592EA3 /* [CP] Embed Pods Frameworks */,
			);
			buildRules = (
			);
			dependencies = (
			);
			name = RickyBooks;
			productName = RickyBooks;
			productReference = FA9CA300211276E200AED111 /* RickyBooks.app */;
			productType = "com.apple.product-type.application";
		};
		FA9CA315211276E300AED111 /* RickyBooksTests */ = {
			isa = PBXNativeTarget;
			buildConfigurationList = FA9CA32D211276E300AED111 /* Build configuration list for PBXNativeTarget "RickyBooksTests" */;
			buildPhases = (
				63C8ADFD2CE0C19E825C8AEE /* [CP] Check Pods Manifest.lock */,
				FA9CA312211276E300AED111 /* Sources */,
				FA9CA313211276E300AED111 /* Frameworks */,
				FA9CA314211276E300AED111 /* Resources */,
			);
			buildRules = (
			);
			dependencies = (
				FA9CA318211276E300AED111 /* PBXTargetDependency */,
			);
			name = RickyBooksTests;
			productName = RickyBooksTests;
			productReference = FA9CA316211276E300AED111 /* RickyBooksTests.xctest */;
			productType = "com.apple.product-type.bundle.unit-test";
		};
		FA9CA320211276E300AED111 /* RickyBooksUITests */ = {
			isa = PBXNativeTarget;
			buildConfigurationList = FA9CA330211276E300AED111 /* Build configuration list for PBXNativeTarget "RickyBooksUITests" */;
			buildPhases = (
				AF9BFC276F55F7790B51C72E /* [CP] Check Pods Manifest.lock */,
				FA9CA31D211276E300AED111 /* Sources */,
				FA9CA31E211276E300AED111 /* Frameworks */,
				FA9CA31F211276E300AED111 /* Resources */,
			);
			buildRules = (
			);
			dependencies = (
				FA9CA323211276E300AED111 /* PBXTargetDependency */,
			);
			name = RickyBooksUITests;
			productName = RickyBooksUITests;
			productReference = FA9CA321211276E300AED111 /* RickyBooksUITests.xctest */;
			productType = "com.apple.product-type.bundle.ui-testing";
		};
/* End PBXNativeTarget section */

/* Begin PBXProject section */
		FA9CA2F8211276E200AED111 /* Project object */ = {
			isa = PBXProject;
			attributes = {
				LastSwiftUpdateCheck = 0940;
				LastUpgradeCheck = 0940;
				ORGANIZATIONNAME = RickyBooks;
				TargetAttributes = {
					FA9CA2FF211276E200AED111 = {
						CreatedOnToolsVersion = 9.4.1;
					};
					FA9CA315211276E300AED111 = {
						CreatedOnToolsVersion = 9.4.1;
						TestTargetID = FA9CA2FF211276E200AED111;
					};
					FA9CA320211276E300AED111 = {
						CreatedOnToolsVersion = 9.4.1;
						TestTargetID = FA9CA2FF211276E200AED111;
					};
				};
			};
			buildConfigurationList = FA9CA2FB211276E200AED111 /* Build configuration list for PBXProject "RickyBooks" */;
			compatibilityVersion = "Xcode 9.3";
			developmentRegion = en;
			hasScannedForEncodings = 0;
			knownRegions = (
				en,
				Base,
			);
			mainGroup = FA9CA2F7211276E200AED111;
			productRefGroup = FA9CA301211276E200AED111 /* Products */;
			projectDirPath = "";
			projectRoot = "";
			targets = (
				FA9CA2FF211276E200AED111 /* RickyBooks */,
				FA9CA315211276E300AED111 /* RickyBooksTests */,
				FA9CA320211276E300AED111 /* RickyBooksUITests */,
			);
		};
/* End PBXProject section */

/* Begin PBXResourcesBuildPhase section */
		FA9CA2FE211276E200AED111 /* Resources */ = {
			isa = PBXResourcesBuildPhase;
			buildActionMask = 2147483647;
			files = (
				FA9CA310211276E300AED111 /* LaunchScreen.storyboard in Resources */,
				FA5DF978213656B800FA6E3C /* TextbookCellNib.xib in Resources */,
				FA9CA30D211276E300AED111 /* Assets.xcassets in Resources */,
				FA9CA30B211276E200AED111 /* Main.storyboard in Resources */,
			);
			runOnlyForDeploymentPostprocessing = 0;
		};
		FA9CA314211276E300AED111 /* Resources */ = {
			isa = PBXResourcesBuildPhase;
			buildActionMask = 2147483647;
			files = (
			);
			runOnlyForDeploymentPostprocessing = 0;
		};
		FA9CA31F211276E300AED111 /* Resources */ = {
			isa = PBXResourcesBuildPhase;
			buildActionMask = 2147483647;
			files = (
			);
			runOnlyForDeploymentPostprocessing = 0;
		};
/* End PBXResourcesBuildPhase section */

/* Begin PBXShellScriptBuildPhase section */
		15F314AE39B2C1DD6E592EA3 /* [CP] Embed Pods Frameworks */ = {
			isa = PBXShellScriptBuildPhase;
			buildActionMask = 2147483647;
			files = (
			);
			inputPaths = (
				"${SRCROOT}/Pods/Target Support Files/Pods-RickyBooks/Pods-RickyBooks-frameworks.sh",
				"${BUILT_PRODUCTS_DIR}/KeychainAccess/KeychainAccess.framework",
				"${BUILT_PRODUCTS_DIR}/Kingfisher/Kingfisher.framework",
			);
			name = "[CP] Embed Pods Frameworks";
			outputPaths = (
				"${TARGET_BUILD_DIR}/${FRAMEWORKS_FOLDER_PATH}/KeychainAccess.framework",
				"${TARGET_BUILD_DIR}/${FRAMEWORKS_FOLDER_PATH}/Kingfisher.framework",
			);
			runOnlyForDeploymentPostprocessing = 0;
			shellPath = /bin/sh;
			shellScript = "\"${SRCROOT}/Pods/Target Support Files/Pods-RickyBooks/Pods-RickyBooks-frameworks.sh\"\n";
			showEnvVarsInLog = 0;
		};
		63C8ADFD2CE0C19E825C8AEE /* [CP] Check Pods Manifest.lock */ = {
			isa = PBXShellScriptBuildPhase;
			buildActionMask = 2147483647;
			files = (
			);
			inputPaths = (
				"${PODS_PODFILE_DIR_PATH}/Podfile.lock",
				"${PODS_ROOT}/Manifest.lock",
			);
			name = "[CP] Check Pods Manifest.lock";
			outputPaths = (
				"$(DERIVED_FILE_DIR)/Pods-RickyBooksTests-checkManifestLockResult.txt",
			);
			runOnlyForDeploymentPostprocessing = 0;
			shellPath = /bin/sh;
			shellScript = "diff \"${PODS_PODFILE_DIR_PATH}/Podfile.lock\" \"${PODS_ROOT}/Manifest.lock\" > /dev/null\nif [ $? != 0 ] ; then\n    # print error to STDERR\n    echo \"error: The sandbox is not in sync with the Podfile.lock. Run 'pod install' or update your CocoaPods installation.\" >&2\n    exit 1\nfi\n# This output is used by Xcode 'outputs' to avoid re-running this script phase.\necho \"SUCCESS\" > \"${SCRIPT_OUTPUT_FILE_0}\"\n";
			showEnvVarsInLog = 0;
		};
		AF9BFC276F55F7790B51C72E /* [CP] Check Pods Manifest.lock */ = {
			isa = PBXShellScriptBuildPhase;
			buildActionMask = 2147483647;
			files = (
			);
			inputPaths = (
				"${PODS_PODFILE_DIR_PATH}/Podfile.lock",
				"${PODS_ROOT}/Manifest.lock",
			);
			name = "[CP] Check Pods Manifest.lock";
			outputPaths = (
				"$(DERIVED_FILE_DIR)/Pods-RickyBooksUITests-checkManifestLockResult.txt",
			);
			runOnlyForDeploymentPostprocessing = 0;
			shellPath = /bin/sh;
			shellScript = "diff \"${PODS_PODFILE_DIR_PATH}/Podfile.lock\" \"${PODS_ROOT}/Manifest.lock\" > /dev/null\nif [ $? != 0 ] ; then\n    # print error to STDERR\n    echo \"error: The sandbox is not in sync with the Podfile.lock. Run 'pod install' or update your CocoaPods installation.\" >&2\n    exit 1\nfi\n# This output is used by Xcode 'outputs' to avoid re-running this script phase.\necho \"SUCCESS\" > \"${SCRIPT_OUTPUT_FILE_0}\"\n";
			showEnvVarsInLog = 0;
		};
		C8CCC6EEFE0C1169E722683E /* [CP] Check Pods Manifest.lock */ = {
			isa = PBXShellScriptBuildPhase;
			buildActionMask = 2147483647;
			files = (
			);
			inputPaths = (
				"${PODS_PODFILE_DIR_PATH}/Podfile.lock",
				"${PODS_ROOT}/Manifest.lock",
			);
			name = "[CP] Check Pods Manifest.lock";
			outputPaths = (
				"$(DERIVED_FILE_DIR)/Pods-RickyBooks-checkManifestLockResult.txt",
			);
			runOnlyForDeploymentPostprocessing = 0;
			shellPath = /bin/sh;
			shellScript = "diff \"${PODS_PODFILE_DIR_PATH}/Podfile.lock\" \"${PODS_ROOT}/Manifest.lock\" > /dev/null\nif [ $? != 0 ] ; then\n    # print error to STDERR\n    echo \"error: The sandbox is not in sync with the Podfile.lock. Run 'pod install' or update your CocoaPods installation.\" >&2\n    exit 1\nfi\n# This output is used by Xcode 'outputs' to avoid re-running this script phase.\necho \"SUCCESS\" > \"${SCRIPT_OUTPUT_FILE_0}\"\n";
			showEnvVarsInLog = 0;
		};
/* End PBXShellScriptBuildPhase section */

/* Begin PBXSourcesBuildPhase section */
		FA9CA2FC211276E200AED111 /* Sources */ = {
			isa = PBXSourcesBuildPhase;
			buildActionMask = 2147483647;
			files = (
				FA085CC1211411FB005C8DE9 /* ProfileViewController.swift in Sources */,
				FA44930E2136245400C8FEB5 /* PutImageAws.swift in Sources */,
				FA44930C213601CE00C8FEB5 /* GetBaseUrl.swift in Sources */,
				FAFD3F462134C43B0001F9EA /* Register.swift in Sources */,
				FA7005C1211DF46400513E7F /* TabBarController.swift in Sources */,
				FA5DF97D2136764A00FA6E3C /* GetUserTextbooks.swift in Sources */,
				FA3FC2302127AE2100366B35 /* DetailsViewController.swift in Sources */,
				FA085CBF21140369005C8DE9 /* SellViewController.swift in Sources */,
				FAFD3F4A2134CD190001F9EA /* CreateAlert.swift in Sources */,
				FAFD3F3421346E0A0001F9EA /* GetTextbooks.swift in Sources */,
				FA4A2C9421162AC5003E7F5F /* BuyViewController.swift in Sources */,
				FAFD3F3B21349CFA0001F9EA /* UserData.swift in Sources */,
				FA9CA304211276E200AED111 /* AppDelegate.swift in Sources */,
				FAFD3F422134C29B0001F9EA /* User.swift in Sources */,
				FAFD3F442134C2EB0001F9EA /* Image.swift in Sources */,
				FAE41C0E21196AD40001B6B3 /* AuthorizeViewController.swift in Sources */,
				FA8E10DA21139B7D00E12D2D /* MessagesViewController.swift in Sources */,
				FAFD3F36213489920001F9EA /* Login.swift in Sources */,
				FAFD3F402134C1A70001F9EA /* Textbook.swift in Sources */,
				FAFD3F50213507760001F9EA /* PostTextbookErrorsData.swift in Sources */,
				FA9CA306211276E200AED111 /* HomeViewController.swift in Sources */,
				FA44930A2135F5B100C8FEB5 /* GetSignedPutUrl.swift in Sources */,
				FA5DF97A21365E7E00FA6E3C /* TextbookCell.swift in Sources */,
				FAFD3F4E213507350001F9EA /* PostTextbookErrors.swift in Sources */,
				FAFD3F3E2134A06C0001F9EA /* SuccessfulAuthorization.swift in Sources */,
				FAFD3F482134C8C40001F9EA /* RegisterErrors.swift in Sources */,
				FAFD3F4C213500F40001F9EA /* PostTextbook.swift in Sources */,
			);
			runOnlyForDeploymentPostprocessing = 0;
		};
		FA9CA312211276E300AED111 /* Sources */ = {
			isa = PBXSourcesBuildPhase;
			buildActionMask = 2147483647;
			files = (
				FA9CA31B211276E300AED111 /* RickyBooksTests.swift in Sources */,
			);
			runOnlyForDeploymentPostprocessing = 0;
		};
		FA9CA31D211276E300AED111 /* Sources */ = {
			isa = PBXSourcesBuildPhase;
			buildActionMask = 2147483647;
			files = (
				FA9CA326211276E300AED111 /* RickyBooksUITests.swift in Sources */,
			);
			runOnlyForDeploymentPostprocessing = 0;
		};
/* End PBXSourcesBuildPhase section */

/* Begin PBXTargetDependency section */
		FA9CA318211276E300AED111 /* PBXTargetDependency */ = {
			isa = PBXTargetDependency;
			target = FA9CA2FF211276E200AED111 /* RickyBooks */;
			targetProxy = FA9CA317211276E300AED111 /* PBXContainerItemProxy */;
		};
		FA9CA323211276E300AED111 /* PBXTargetDependency */ = {
			isa = PBXTargetDependency;
			target = FA9CA2FF211276E200AED111 /* RickyBooks */;
			targetProxy = FA9CA322211276E300AED111 /* PBXContainerItemProxy */;
		};
/* End PBXTargetDependency section */

/* Begin PBXVariantGroup section */
		FA9CA309211276E200AED111 /* Main.storyboard */ = {
			isa = PBXVariantGroup;
			children = (
				FA9CA30A211276E200AED111 /* Base */,
			);
			name = Main.storyboard;
			sourceTree = "<group>";
		};
		FA9CA30E211276E300AED111 /* LaunchScreen.storyboard */ = {
			isa = PBXVariantGroup;
			children = (
				FA9CA30F211276E300AED111 /* Base */,
			);
			name = LaunchScreen.storyboard;
			sourceTree = "<group>";
		};
/* End PBXVariantGroup section */

/* Begin XCBuildConfiguration section */
		FA9CA328211276E300AED111 /* Debug */ = {
			isa = XCBuildConfiguration;
			buildSettings = {
				ALWAYS_SEARCH_USER_PATHS = NO;
				CLANG_ANALYZER_NONNULL = YES;
				CLANG_ANALYZER_NUMBER_OBJECT_CONVERSION = YES_AGGRESSIVE;
				CLANG_CXX_LANGUAGE_STANDARD = "gnu++14";
				CLANG_CXX_LIBRARY = "libc++";
				CLANG_ENABLE_MODULES = YES;
				CLANG_ENABLE_OBJC_ARC = YES;
				CLANG_ENABLE_OBJC_WEAK = YES;
				CLANG_WARN_BLOCK_CAPTURE_AUTORELEASING = YES;
				CLANG_WARN_BOOL_CONVERSION = YES;
				CLANG_WARN_COMMA = YES;
				CLANG_WARN_CONSTANT_CONVERSION = YES;
				CLANG_WARN_DEPRECATED_OBJC_IMPLEMENTATIONS = YES;
				CLANG_WARN_DIRECT_OBJC_ISA_USAGE = YES_ERROR;
				CLANG_WARN_DOCUMENTATION_COMMENTS = YES;
				CLANG_WARN_EMPTY_BODY = YES;
				CLANG_WARN_ENUM_CONVERSION = YES;
				CLANG_WARN_INFINITE_RECURSION = YES;
				CLANG_WARN_INT_CONVERSION = YES;
				CLANG_WARN_NON_LITERAL_NULL_CONVERSION = YES;
				CLANG_WARN_OBJC_IMPLICIT_RETAIN_SELF = YES;
				CLANG_WARN_OBJC_LITERAL_CONVERSION = YES;
				CLANG_WARN_OBJC_ROOT_CLASS = YES_ERROR;
				CLANG_WARN_RANGE_LOOP_ANALYSIS = YES;
				CLANG_WARN_STRICT_PROTOTYPES = YES;
				CLANG_WARN_SUSPICIOUS_MOVE = YES;
				CLANG_WARN_UNGUARDED_AVAILABILITY = YES_AGGRESSIVE;
				CLANG_WARN_UNREACHABLE_CODE = YES;
				CLANG_WARN__DUPLICATE_METHOD_MATCH = YES;
				CODE_SIGN_IDENTITY = "iPhone Developer";
				COPY_PHASE_STRIP = NO;
				DEBUG_INFORMATION_FORMAT = dwarf;
				ENABLE_STRICT_OBJC_MSGSEND = YES;
				ENABLE_TESTABILITY = YES;
				GCC_C_LANGUAGE_STANDARD = gnu11;
				GCC_DYNAMIC_NO_PIC = NO;
				GCC_NO_COMMON_BLOCKS = YES;
				GCC_OPTIMIZATION_LEVEL = 0;
				GCC_PREPROCESSOR_DEFINITIONS = (
					"DEBUG=1",
					"$(inherited)",
				);
				GCC_WARN_64_TO_32_BIT_CONVERSION = YES;
				GCC_WARN_ABOUT_RETURN_TYPE = YES_ERROR;
				GCC_WARN_UNDECLARED_SELECTOR = YES;
				GCC_WARN_UNINITIALIZED_AUTOS = YES_AGGRESSIVE;
				GCC_WARN_UNUSED_FUNCTION = YES;
				GCC_WARN_UNUSED_VARIABLE = YES;
				IPHONEOS_DEPLOYMENT_TARGET = 11.4;
				MTL_ENABLE_DEBUG_INFO = YES;
				ONLY_ACTIVE_ARCH = YES;
				SDKROOT = iphoneos;
				SWIFT_ACTIVE_COMPILATION_CONDITIONS = DEBUG;
				SWIFT_OPTIMIZATION_LEVEL = "-Onone";
			};
			name = Debug;
		};
		FA9CA329211276E300AED111 /* Release */ = {
			isa = XCBuildConfiguration;
			buildSettings = {
				ALWAYS_SEARCH_USER_PATHS = NO;
				CLANG_ANALYZER_NONNULL = YES;
				CLANG_ANALYZER_NUMBER_OBJECT_CONVERSION = YES_AGGRESSIVE;
				CLANG_CXX_LANGUAGE_STANDARD = "gnu++14";
				CLANG_CXX_LIBRARY = "libc++";
				CLANG_ENABLE_MODULES = YES;
				CLANG_ENABLE_OBJC_ARC = YES;
				CLANG_ENABLE_OBJC_WEAK = YES;
				CLANG_WARN_BLOCK_CAPTURE_AUTORELEASING = YES;
				CLANG_WARN_BOOL_CONVERSION = YES;
				CLANG_WARN_COMMA = YES;
				CLANG_WARN_CONSTANT_CONVERSION = YES;
				CLANG_WARN_DEPRECATED_OBJC_IMPLEMENTATIONS = YES;
				CLANG_WARN_DIRECT_OBJC_ISA_USAGE = YES_ERROR;
				CLANG_WARN_DOCUMENTATION_COMMENTS = YES;
				CLANG_WARN_EMPTY_BODY = YES;
				CLANG_WARN_ENUM_CONVERSION = YES;
				CLANG_WARN_INFINITE_RECURSION = YES;
				CLANG_WARN_INT_CONVERSION = YES;
				CLANG_WARN_NON_LITERAL_NULL_CONVERSION = YES;
				CLANG_WARN_OBJC_IMPLICIT_RETAIN_SELF = YES;
				CLANG_WARN_OBJC_LITERAL_CONVERSION = YES;
				CLANG_WARN_OBJC_ROOT_CLASS = YES_ERROR;
				CLANG_WARN_RANGE_LOOP_ANALYSIS = YES;
				CLANG_WARN_STRICT_PROTOTYPES = YES;
				CLANG_WARN_SUSPICIOUS_MOVE = YES;
				CLANG_WARN_UNGUARDED_AVAILABILITY = YES_AGGRESSIVE;
				CLANG_WARN_UNREACHABLE_CODE = YES;
				CLANG_WARN__DUPLICATE_METHOD_MATCH = YES;
				CODE_SIGN_IDENTITY = "iPhone Developer";
				COPY_PHASE_STRIP = NO;
				DEBUG_INFORMATION_FORMAT = "dwarf-with-dsym";
				ENABLE_NS_ASSERTIONS = NO;
				ENABLE_STRICT_OBJC_MSGSEND = YES;
				GCC_C_LANGUAGE_STANDARD = gnu11;
				GCC_NO_COMMON_BLOCKS = YES;
				GCC_WARN_64_TO_32_BIT_CONVERSION = YES;
				GCC_WARN_ABOUT_RETURN_TYPE = YES_ERROR;
				GCC_WARN_UNDECLARED_SELECTOR = YES;
				GCC_WARN_UNINITIALIZED_AUTOS = YES_AGGRESSIVE;
				GCC_WARN_UNUSED_FUNCTION = YES;
				GCC_WARN_UNUSED_VARIABLE = YES;
				IPHONEOS_DEPLOYMENT_TARGET = 11.4;
				MTL_ENABLE_DEBUG_INFO = NO;
				SDKROOT = iphoneos;
				SWIFT_COMPILATION_MODE = wholemodule;
				SWIFT_OPTIMIZATION_LEVEL = "-O";
				VALIDATE_PRODUCT = YES;
			};
			name = Release;
		};
		FA9CA32B211276E300AED111 /* Debug */ = {
			isa = XCBuildConfiguration;
			baseConfigurationReference = 9868A80D74A5F3ED511181ED /* Pods-RickyBooks.debug.xcconfig */;
			buildSettings = {
				ASSETCATALOG_COMPILER_APPICON_NAME = AppIcon;
				CODE_SIGN_STYLE = Automatic;
				DEVELOPMENT_TEAM = 799G689DDY;
				INFOPLIST_FILE = RickyBooks/Info.plist;
				LD_RUNPATH_SEARCH_PATHS = (
					"$(inherited)",
					"@executable_path/Frameworks",
				);
				PRODUCT_BUNDLE_IDENTIFIER = com.rickybooks.rickybooks;
				PRODUCT_NAME = "$(TARGET_NAME)";
				SWIFT_VERSION = 4.0;
				TARGETED_DEVICE_FAMILY = "1,2";
			};
			name = Debug;
		};
		FA9CA32C211276E300AED111 /* Release */ = {
			isa = XCBuildConfiguration;
			baseConfigurationReference = 08389ABB8311C7F0A2A76855 /* Pods-RickyBooks.release.xcconfig */;
			buildSettings = {
				ASSETCATALOG_COMPILER_APPICON_NAME = AppIcon;
				CODE_SIGN_STYLE = Automatic;
				DEVELOPMENT_TEAM = 799G689DDY;
				INFOPLIST_FILE = RickyBooks/Info.plist;
				LD_RUNPATH_SEARCH_PATHS = (
					"$(inherited)",
					"@executable_path/Frameworks",
				);
				PRODUCT_BUNDLE_IDENTIFIER = com.rickybooks.rickybooks;
				PRODUCT_NAME = "$(TARGET_NAME)";
				SWIFT_VERSION = 4.0;
				TARGETED_DEVICE_FAMILY = "1,2";
			};
			name = Release;
		};
		FA9CA32E211276E300AED111 /* Debug */ = {
			isa = XCBuildConfiguration;
			baseConfigurationReference = F0C66DD2B30BBD0389108AA8 /* Pods-RickyBooksTests.debug.xcconfig */;
			buildSettings = {
				ALWAYS_EMBED_SWIFT_STANDARD_LIBRARIES = YES;
				BUNDLE_LOADER = "$(TEST_HOST)";
				CODE_SIGN_STYLE = Automatic;
				DEVELOPMENT_TEAM = 799G689DDY;
				INFOPLIST_FILE = RickyBooksTests/Info.plist;
				LD_RUNPATH_SEARCH_PATHS = (
					"$(inherited)",
					"@executable_path/Frameworks",
					"@loader_path/Frameworks",
				);
				PRODUCT_BUNDLE_IDENTIFIER = com.rickybooks.RickyBooksTests;
				PRODUCT_NAME = "$(TARGET_NAME)";
				SWIFT_VERSION = 4.0;
				TARGETED_DEVICE_FAMILY = "1,2";
				TEST_HOST = "$(BUILT_PRODUCTS_DIR)/RickyBooks.app/RickyBooks";
			};
			name = Debug;
		};
		FA9CA32F211276E300AED111 /* Release */ = {
			isa = XCBuildConfiguration;
			baseConfigurationReference = A991E9B12586B16707D21E56 /* Pods-RickyBooksTests.release.xcconfig */;
			buildSettings = {
				ALWAYS_EMBED_SWIFT_STANDARD_LIBRARIES = YES;
				BUNDLE_LOADER = "$(TEST_HOST)";
				CODE_SIGN_STYLE = Automatic;
				DEVELOPMENT_TEAM = 799G689DDY;
				INFOPLIST_FILE = RickyBooksTests/Info.plist;
				LD_RUNPATH_SEARCH_PATHS = (
					"$(inherited)",
					"@executable_path/Frameworks",
					"@loader_path/Frameworks",
				);
				PRODUCT_BUNDLE_IDENTIFIER = com.rickybooks.RickyBooksTests;
				PRODUCT_NAME = "$(TARGET_NAME)";
				SWIFT_VERSION = 4.0;
				TARGETED_DEVICE_FAMILY = "1,2";
				TEST_HOST = "$(BUILT_PRODUCTS_DIR)/RickyBooks.app/RickyBooks";
			};
			name = Release;
		};
		FA9CA331211276E300AED111 /* Debug */ = {
			isa = XCBuildConfiguration;
			baseConfigurationReference = 9D955DBBFE92142296D6BC9D /* Pods-RickyBooksUITests.debug.xcconfig */;
			buildSettings = {
				ALWAYS_EMBED_SWIFT_STANDARD_LIBRARIES = YES;
				CODE_SIGN_STYLE = Automatic;
				DEVELOPMENT_TEAM = 799G689DDY;
				INFOPLIST_FILE = RickyBooksUITests/Info.plist;
				LD_RUNPATH_SEARCH_PATHS = (
					"$(inherited)",
					"@executable_path/Frameworks",
					"@loader_path/Frameworks",
				);
				PRODUCT_BUNDLE_IDENTIFIER = com.rickybooks.RickyBooksUITests;
				PRODUCT_NAME = "$(TARGET_NAME)";
				SWIFT_VERSION = 4.0;
				TARGETED_DEVICE_FAMILY = "1,2";
				TEST_TARGET_NAME = RickyBooks;
			};
			name = Debug;
		};
		FA9CA332211276E300AED111 /* Release */ = {
			isa = XCBuildConfiguration;
			baseConfigurationReference = 550E1570F00F4E857556BF47 /* Pods-RickyBooksUITests.release.xcconfig */;
			buildSettings = {
				ALWAYS_EMBED_SWIFT_STANDARD_LIBRARIES = YES;
				CODE_SIGN_STYLE = Automatic;
				DEVELOPMENT_TEAM = 799G689DDY;
				INFOPLIST_FILE = RickyBooksUITests/Info.plist;
				LD_RUNPATH_SEARCH_PATHS = (
					"$(inherited)",
					"@executable_path/Frameworks",
					"@loader_path/Frameworks",
				);
				PRODUCT_BUNDLE_IDENTIFIER = com.rickybooks.RickyBooksUITests;
				PRODUCT_NAME = "$(TARGET_NAME)";
				SWIFT_VERSION = 4.0;
				TARGETED_DEVICE_FAMILY = "1,2";
				TEST_TARGET_NAME = RickyBooks;
			};
			name = Release;
		};
/* End XCBuildConfiguration section */

/* Begin XCConfigurationList section */
		FA9CA2FB211276E200AED111 /* Build configuration list for PBXProject "RickyBooks" */ = {
			isa = XCConfigurationList;
			buildConfigurations = (
				FA9CA328211276E300AED111 /* Debug */,
				FA9CA329211276E300AED111 /* Release */,
			);
			defaultConfigurationIsVisible = 0;
			defaultConfigurationName = Release;
		};
		FA9CA32A211276E300AED111 /* Build configuration list for PBXNativeTarget "RickyBooks" */ = {
			isa = XCConfigurationList;
			buildConfigurations = (
				FA9CA32B211276E300AED111 /* Debug */,
				FA9CA32C211276E300AED111 /* Release */,
			);
			defaultConfigurationIsVisible = 0;
			defaultConfigurationName = Release;
		};
		FA9CA32D211276E300AED111 /* Build configuration list for PBXNativeTarget "RickyBooksTests" */ = {
			isa = XCConfigurationList;
			buildConfigurations = (
				FA9CA32E211276E300AED111 /* Debug */,
				FA9CA32F211276E300AED111 /* Release */,
			);
			defaultConfigurationIsVisible = 0;
			defaultConfigurationName = Release;
		};
		FA9CA330211276E300AED111 /* Build configuration list for PBXNativeTarget "RickyBooksUITests" */ = {
			isa = XCConfigurationList;
			buildConfigurations = (
				FA9CA331211276E300AED111 /* Debug */,
				FA9CA332211276E300AED111 /* Release */,
			);
			defaultConfigurationIsVisible = 0;
			defaultConfigurationName = Release;
		};
/* End XCConfigurationList section */
	};
	rootObject = FA9CA2F8211276E200AED111 /* Project object */;
}
